{
  "name": "emoji-selector-for-gnome",
  "version": "1.0.0",
  "lockfileVersion": 1,
  "requires": true,
  "dependencies": {
    "@unicode/unicode-13.0.0": {
      "version": "1.2.0",
      "resolved": "https://registry.npmjs.org/@unicode/unicode-13.0.0/-/unicode-13.0.0-1.2.0.tgz",
      "integrity": "sha512-ocuWbduBe3lNt/651RUs3eVbWLCQ7S40nxCCuErm0ynDZsraAzT9TGMea2qx9mUR59/un4a+SQSTHs1vB9QfPQ==",
      "dev": true
    },
    "emoji-datasource": {
      "version": "14.0.0",
      "resolved": "https://registry.npmjs.org/emoji-datasource/-/emoji-datasource-14.0.0.tgz",
      "integrity": "sha512-SoOv0lSa+9/2X9ulSRDhu2u1zAOaOv5vtMY3OYUDcQCoReEh0/3eQAMuBM9LyD7Hy3G4K7mDPDqVeHUWvy7cow==",
      "dev": true
    }
  }
}
