{
  "name": "emoji-selector-for-gnome",
  "version": "1.0.0",
  "lockfileVersion": 2,
  "requires": true,
  "packages": {
    "": {
      "name": "emoji-selector-for-gnome",
      "version": "1.0.0",
      "license": "GPLv3",
      "devDependencies": {
        "@unicode/unicode-13.0.0": "^1.2.0",
        "emoji-datasource": "^15.0.0"
      }
    },
    "node_modules/@unicode/unicode-13.0.0": {
      "version": "1.2.0",
      "resolved": "https://registry.npmjs.org/@unicode/unicode-13.0.0/-/unicode-13.0.0-1.2.0.tgz",
      "integrity": "sha512-ocuWbduBe3lNt/651RUs3eVbWLCQ7S40nxCCuErm0ynDZsraAzT9TGMea2qx9mUR59/un4a+SQSTHs1vB9QfPQ==",
      "dev": true
    },
    "node_modules/emoji-datasource": {
      "version": "15.0.1",
      "resolved": "https://registry.npmjs.org/emoji-datasource/-/emoji-datasource-15.0.1.tgz",
      "integrity": "sha512-aF5Q6LCKXzJzpG4K0ETiItuzz0xLYxNexR9qWw45/shuuEDWZkOIbeGHA23uopOSYA/LmeZIXIFsySCx+YKg2g==",
      "dev": true
    }
  },
  "dependencies": {
    "@unicode/unicode-13.0.0": {
      "version": "1.2.0",
      "resolved": "https://registry.npmjs.org/@unicode/unicode-13.0.0/-/unicode-13.0.0-1.2.0.tgz",
      "integrity": "sha512-ocuWbduBe3lNt/651RUs3eVbWLCQ7S40nxCCuErm0ynDZsraAzT9TGMea2qx9mUR59/un4a+SQSTHs1vB9QfPQ==",
      "dev": true
    },
    "emoji-datasource": {
      "version": "15.0.1",
      "resolved": "https://registry.npmjs.org/emoji-datasource/-/emoji-datasource-15.0.1.tgz",
      "integrity": "sha512-aF5Q6LCKXzJzpG4K0ETiItuzz0xLYxNexR9qWw45/shuuEDWZkOIbeGHA23uopOSYA/LmeZIXIFsySCx+YKg2g==",
      "dev": true
    }
  }
}
